# THIS IS AN AUTOGENERATED FILE. DO NOT EDIT THIS FILE DIRECTLY.
# yarn lockfile v1


whats-in-the-cache@^1.0.0:
  version "1.0.0"
  resolved "https://registry.yarnpkg.com/whats-in-the-cache/-/whats-in-the-cache-1.0.0.tgz#db7fe23605b335a68035c49c7004b9e731a8b6ef"
  integrity sha512-JTHMWe3FkbU2RbkpQ+WdJDuLsAKHlW/lKKoWa1ftfRG/pjbHesuw/sdK04c6A3y28IINw8Cl5jNeZvF1oEiASQ==
